// !$*UTF8*$!
{
	archiveVersion = 1;
	classes = {
	};
	objectVersion = 46;
	objects = {

/* Begin PBXBuildFile section */
		650E29F81F7225A3008A6624 /* DrinksViewController.swift in Sources */ = {isa = PBXBuildFile; fileRef = 650E29F71F7225A3008A6624 /* DrinksViewController.swift */; };
		650E29FA1F723744008A6624 /* DrinksTableViewCell.swift in Sources */ = {isa = PBXBuildFile; fileRef = 650E29F91F723744008A6624 /* DrinksTableViewCell.swift */; };
		65344D2A1F5F759800772243 /* Drinks.plist in Resources */ = {isa = PBXBuildFile; fileRef = 65344D291F5F759800772243 /* Drinks.plist */; };
		653772B41F5FA10200F2B855 /* Drinks.json in Resources */ = {isa = PBXBuildFile; fileRef = 653772B31F5FA10200F2B855 /* Drinks.json */; };
		653772B61F5FABC400F2B855 /* DrinksDetailTableViewController.swift in Sources */ = {isa = PBXBuildFile; fileRef = 653772B51F5FABC400F2B855 /* DrinksDetailTableViewController.swift */; };
		653A39E71F78A43E00536C9F /* SDNDataConnector.swift in Sources */ = {isa = PBXBuildFile; fileRef = 653A39E61F78A43E00536C9F /* SDNDataConnector.swift */; };
		6586B4DB1F626A5B00CA1AD7 /* NutritionTableViewController.swift in Sources */ = {isa = PBXBuildFile; fileRef = 6586B4DA1F626A5B00CA1AD7 /* NutritionTableViewController.swift */; };
		6586B4DD1F626C0E00CA1AD7 /* NutritionTableViewCell.swift in Sources */ = {isa = PBXBuildFile; fileRef = 6586B4DC1F626C0E00CA1AD7 /* NutritionTableViewCell.swift */; };
		6586B4E01F64D58200CA1AD7 /* CoreLocation.framework in Frameworks */ = {isa = PBXBuildFile; fileRef = 6586B4DF1F64D58200CA1AD7 /* CoreLocation.framework */; };
		6586B4E21F65F5F600CA1AD7 /* LocationsTableViewController.swift in Sources */ = {isa = PBXBuildFile; fileRef = 6586B4E11F65F5F500CA1AD7 /* LocationsTableViewController.swift */; };
		6586B4E41F65F81500CA1AD7 /* MapViewController.swift in Sources */ = {isa = PBXBuildFile; fileRef = 6586B4E31F65F81500CA1AD7 /* MapViewController.swift */; };
		65A3ECDD1F8BD6E600334BCB /* CouponsTableViewController.swift in Sources */ = {isa = PBXBuildFile; fileRef = 65A3ECDC1F8BD6E600334BCB /* CouponsTableViewController.swift */; };
		65A3ECDF1F8BDA7100334BCB /* Coupons.plist in Resources */ = {isa = PBXBuildFile; fileRef = 65A3ECDE1F8BDA7100334BCB /* Coupons.plist */; };
		65AEC6D01F4F99E20059F87E /* AppDelegate.swift in Sources */ = {isa = PBXBuildFile; fileRef = 65AEC6CF1F4F99E20059F87E /* AppDelegate.swift */; };
		65AEC6D21F4F99E20059F87E /* FirstViewController.swift in Sources */ = {isa = PBXBuildFile; fileRef = 65AEC6D11F4F99E20059F87E /* FirstViewController.swift */; };
		65AEC6D41F4F99E20059F87E /* SecondViewController.swift in Sources */ = {isa = PBXBuildFile; fileRef = 65AEC6D31F4F99E20059F87E /* SecondViewController.swift */; };
		65AEC6D71F4F99E20059F87E /* Main.storyboard in Resources */ = {isa = PBXBuildFile; fileRef = 65AEC6D51F4F99E20059F87E /* Main.storyboard */; };
		65AEC6D91F4F99E30059F87E /* Assets.xcassets in Resources */ = {isa = PBXBuildFile; fileRef = 65AEC6D81F4F99E30059F87E /* Assets.xcassets */; };
		65AEC6DC1F4F99E30059F87E /* LaunchScreen.storyboard in Resources */ = {isa = PBXBuildFile; fileRef = 65AEC6DA1F4F99E30059F87E /* LaunchScreen.storyboard */; };
		65AEC6E71F4F99E30059F87E /* Smart_Drinks___NutritionTests.swift in Sources */ = {isa = PBXBuildFile; fileRef = 65AEC6E61F4F99E30059F87E /* Smart_Drinks___NutritionTests.swift */; };
		65AEC6F21F4F99E30059F87E /* Smart_Drinks___NutritionUITests.swift in Sources */ = {isa = PBXBuildFile; fileRef = 65AEC6F11F4F99E30059F87E /* Smart_Drinks___NutritionUITests.swift */; };
		65DC58C61F8EE1440062E432 /* RequestTruckTableViewController.swift in Sources */ = {isa = PBXBuildFile; fileRef = 65DC58C51F8EE1440062E432 /* RequestTruckTableViewController.swift */; };
		65FFA9EE1F70B87800646462 /* smoothies.plist in Resources */ = {isa = PBXBuildFile; fileRef = 65FFA9ED1F70B87800646462 /* smoothies.plist */; };
		65FFA9F01F70BDEF00646462 /* coffee.plist in Resources */ = {isa = PBXBuildFile; fileRef = 65FFA9EF1F70BDEF00646462 /* coffee.plist */; };
		94B1F96CB2EBAB722C78DD8F /* libPods-Smart Drinks & Nutrition.a in Frameworks */ = {isa = PBXBuildFile; fileRef = E4A3602B42867700C52C76C9 /* libPods-Smart Drinks & Nutrition.a */; };
/* End PBXBuildFile section */

/* Begin PBXContainerItemProxy section */
		65AEC6E31F4F99E30059F87E /* PBXContainerItemProxy */ = {
			isa = PBXContainerItemProxy;
			containerPortal = 65AEC6C41F4F99E20059F87E /* Project object */;
			proxyType = 1;
			remoteGlobalIDString = 65AEC6CB1F4F99E20059F87E;
			remoteInfo = "Smart Drinks & Nutrition";
		};
		65AEC6EE1F4F99E30059F87E /* PBXContainerItemProxy */ = {
			isa = PBXContainerItemProxy;
			containerPortal = 65AEC6C41F4F99E20059F87E /* Project object */;
			proxyType = 1;
			remoteGlobalIDString = 65AEC6CB1F4F99E20059F87E;
			remoteInfo = "Smart Drinks & Nutrition";
		};
/* End PBXContainerItemProxy section */

/* Begin PBXFileReference section */
		33C89710F7BBB345E32EF7BD /* Pods-Smart Drinks & Nutrition.debug.xcconfig */ = {isa = PBXFileReference; includeInIndex = 1; lastKnownFileType = text.xcconfig; name = "Pods-Smart Drinks & Nutrition.debug.xcconfig"; path = "Pods/Target Support Files/Pods-Smart Drinks & Nutrition/Pods-Smart Drinks & Nutrition.debug.xcconfig"; sourceTree = "<group>"; };
		650E29F71F7225A3008A6624 /* DrinksViewController.swift */ = {isa = PBXFileReference; fileEncoding = 4; lastKnownFileType = sourcecode.swift; path = DrinksViewController.swift; sourceTree = "<group>"; };
		650E29F91F723744008A6624 /* DrinksTableViewCell.swift */ = {isa = PBXFileReference; fileEncoding = 4; lastKnownFileType = sourcecode.swift; path = DrinksTableViewCell.swift; sourceTree = "<group>"; };
		65344D291F5F759800772243 /* Drinks.plist */ = {isa = PBXFileReference; fileEncoding = 4; lastKnownFileType = text.plist.xml; path = Drinks.plist; sourceTree = "<group>"; };
		653772B31F5FA10200F2B855 /* Drinks.json */ = {isa = PBXFileReference; fileEncoding = 4; lastKnownFileType = text.json; path = Drinks.json; sourceTree = "<group>"; };
		653772B51F5FABC400F2B855 /* DrinksDetailTableViewController.swift */ = {isa = PBXFileReference; fileEncoding = 4; lastKnownFileType = sourcecode.swift; path = DrinksDetailTableViewController.swift; sourceTree = "<group>"; };
		653A39E61F78A43E00536C9F /* SDNDataConnector.swift */ = {isa = PBXFileReference; fileEncoding = 4; lastKnownFileType = sourcecode.swift; path = SDNDataConnector.swift; sourceTree = "<group>"; };
		6586B4DA1F626A5B00CA1AD7 /* NutritionTableViewController.swift */ = {isa = PBXFileReference; fileEncoding = 4; lastKnownFileType = sourcecode.swift; path = NutritionTableViewController.swift; sourceTree = "<group>"; };
		6586B4DC1F626C0E00CA1AD7 /* NutritionTableViewCell.swift */ = {isa = PBXFileReference; fileEncoding = 4; lastKnownFileType = sourcecode.swift; path = NutritionTableViewCell.swift; sourceTree = "<group>"; };
		6586B4DF1F64D58200CA1AD7 /* CoreLocation.framework */ = {isa = PBXFileReference; lastKnownFileType = wrapper.framework; name = CoreLocation.framework; path = System/Library/Frameworks/CoreLocation.framework; sourceTree = SDKROOT; };
		6586B4E11F65F5F500CA1AD7 /* LocationsTableViewController.swift */ = {isa = PBXFileReference; fileEncoding = 4; lastKnownFileType = sourcecode.swift; path = LocationsTableViewController.swift; sourceTree = "<group>"; };
		6586B4E31F65F81500CA1AD7 /* MapViewController.swift */ = {isa = PBXFileReference; fileEncoding = 4; lastKnownFileType = sourcecode.swift; path = MapViewController.swift; sourceTree = "<group>"; };
		65A3ECDC1F8BD6E600334BCB /* CouponsTableViewController.swift */ = {isa = PBXFileReference; lastKnownFileType = sourcecode.swift; path = CouponsTableViewController.swift; sourceTree = "<group>"; };
		65A3ECDE1F8BDA7100334BCB /* Coupons.plist */ = {isa = PBXFileReference; lastKnownFileType = text.plist.xml; path = Coupons.plist; sourceTree = "<group>"; };
		65AEC6CC1F4F99E20059F87E /* Smart Drinks & Nutrition.app */ = {isa = PBXFileReference; explicitFileType = wrapper.application; includeInIndex = 0; path = "Smart Drinks & Nutrition.app"; sourceTree = BUILT_PRODUCTS_DIR; };
		65AEC6CF1F4F99E20059F87E /* AppDelegate.swift */ = {isa = PBXFileReference; lastKnownFileType = sourcecode.swift; path = AppDelegate.swift; sourceTree = "<group>"; };
		65AEC6D11F4F99E20059F87E /* FirstViewController.swift */ = {isa = PBXFileReference; lastKnownFileType = sourcecode.swift; path = FirstViewController.swift; sourceTree = "<group>"; };
		65AEC6D31F4F99E20059F87E /* SecondViewController.swift */ = {isa = PBXFileReference; lastKnownFileType = sourcecode.swift; path = SecondViewController.swift; sourceTree = "<group>"; };
		65AEC6D61F4F99E20059F87E /* Base */ = {isa = PBXFileReference; lastKnownFileType = file.storyboard; name = Base; path = Base.lproj/Main.storyboard; sourceTree = "<group>"; };
		65AEC6D81F4F99E30059F87E /* Assets.xcassets */ = {isa = PBXFileReference; lastKnownFileType = folder.assetcatalog; path = Assets.xcassets; sourceTree = "<group>"; };
		65AEC6DB1F4F99E30059F87E /* Base */ = {isa = PBXFileReference; lastKnownFileType = file.storyboard; name = Base; path = Base.lproj/LaunchScreen.storyboard; sourceTree = "<group>"; };
		65AEC6DD1F4F99E30059F87E /* Info.plist */ = {isa = PBXFileReference; lastKnownFileType = text.plist.xml; path = Info.plist; sourceTree = "<group>"; };
		65AEC6E21F4F99E30059F87E /* Smart Drinks & NutritionTests.xctest */ = {isa = PBXFileReference; explicitFileType = wrapper.cfbundle; includeInIndex = 0; path = "Smart Drinks & NutritionTests.xctest"; sourceTree = BUILT_PRODUCTS_DIR; };
		65AEC6E61F4F99E30059F87E /* Smart_Drinks___NutritionTests.swift */ = {isa = PBXFileReference; lastKnownFileType = sourcecode.swift; path = "Smart_Drinks___NutritionTests.swift"; sourceTree = "<group>"; };
		65AEC6E81F4F99E30059F87E /* Info.plist */ = {isa = PBXFileReference; lastKnownFileType = text.plist.xml; path = Info.plist; sourceTree = "<group>"; };
		65AEC6ED1F4F99E30059F87E /* Smart Drinks & NutritionUITests.xctest */ = {isa = PBXFileReference; explicitFileType = wrapper.cfbundle; includeInIndex = 0; path = "Smart Drinks & NutritionUITests.xctest"; sourceTree = BUILT_PRODUCTS_DIR; };
		65AEC6F11F4F99E30059F87E /* Smart_Drinks___NutritionUITests.swift */ = {isa = PBXFileReference; lastKnownFileType = sourcecode.swift; path = "Smart_Drinks___NutritionUITests.swift"; sourceTree = "<group>"; };
		65AEC6F31F4F99E30059F87E /* Info.plist */ = {isa = PBXFileReference; lastKnownFileType = text.plist.xml; path = Info.plist; sourceTree = "<group>"; };
		65DC58C51F8EE1440062E432 /* RequestTruckTableViewController.swift */ = {isa = PBXFileReference; lastKnownFileType = sourcecode.swift; path = RequestTruckTableViewController.swift; sourceTree = "<group>"; };
		65FFA9ED1F70B87800646462 /* smoothies.plist */ = {isa = PBXFileReference; fileEncoding = 4; lastKnownFileType = text.plist.xml; path = smoothies.plist; sourceTree = "<group>"; };
		65FFA9EF1F70BDEF00646462 /* coffee.plist */ = {isa = PBXFileReference; fileEncoding = 4; lastKnownFileType = text.plist.xml; path = coffee.plist; sourceTree = "<group>"; };
		E4A3602B42867700C52C76C9 /* libPods-Smart Drinks & Nutrition.a */ = {isa = PBXFileReference; explicitFileType = archive.ar; includeInIndex = 0; path = "libPods-Smart Drinks & Nutrition.a"; sourceTree = BUILT_PRODUCTS_DIR; };
		FA4C4D541F423D0FFC08D8A5 /* Pods-Smart Drinks & Nutrition.release.xcconfig */ = {isa = PBXFileReference; includeInIndex = 1; lastKnownFileType = text.xcconfig; name = "Pods-Smart Drinks & Nutrition.release.xcconfig"; path = "Pods/Target Support Files/Pods-Smart Drinks & Nutrition/Pods-Smart Drinks & Nutrition.release.xcconfig"; sourceTree = "<group>"; };
/* End PBXFileReference section */

/* Begin PBXFrameworksBuildPhase section */
		65AEC6C91F4F99E20059F87E /* Frameworks */ = {
			isa = PBXFrameworksBuildPhase;
			buildActionMask = 2147483647;
			files = (
				6586B4E01F64D58200CA1AD7 /* CoreLocation.framework in Frameworks */,
				94B1F96CB2EBAB722C78DD8F /* libPods-Smart Drinks & Nutrition.a in Frameworks */,
			);
			runOnlyForDeploymentPostprocessing = 0;
		};
		65AEC6DF1F4F99E30059F87E /* Frameworks */ = {
			isa = PBXFrameworksBuildPhase;
			buildActionMask = 2147483647;
			files = (
			);
			runOnlyForDeploymentPostprocessing = 0;
		};
		65AEC6EA1F4F99E30059F87E /* Frameworks */ = {
			isa = PBXFrameworksBuildPhase;
			buildActionMask = 2147483647;
			files = (
			);
			runOnlyForDeploymentPostprocessing = 0;
		};
/* End PBXFrameworksBuildPhase section */

/* Begin PBXGroup section */
		6586B4DE1F64D58200CA1AD7 /* Frameworks */ = {
			isa = PBXGroup;
			children = (
				6586B4DF1F64D58200CA1AD7 /* CoreLocation.framework */,
				E4A3602B42867700C52C76C9 /* libPods-Smart Drinks & Nutrition.a */,
			);
			name = Frameworks;
			sourceTree = "<group>";
		};
		65AEC6C31F4F99E20059F87E = {
			isa = PBXGroup;
			children = (
				65AEC6CE1F4F99E20059F87E /* Smart Drinks & Nutrition */,
				65AEC6E51F4F99E30059F87E /* Smart Drinks & NutritionTests */,
				65AEC6F01F4F99E30059F87E /* Smart Drinks & NutritionUITests */,
				65AEC6CD1F4F99E20059F87E /* Products */,
				6586B4DE1F64D58200CA1AD7 /* Frameworks */,
				8364A7DD7401CA8BFC7FA371 /* Pods */,
			);
			sourceTree = "<group>";
		};
		65AEC6CD1F4F99E20059F87E /* Products */ = {
			isa = PBXGroup;
			children = (
				65AEC6CC1F4F99E20059F87E /* Smart Drinks & Nutrition.app */,
				65AEC6E21F4F99E30059F87E /* Smart Drinks & NutritionTests.xctest */,
				65AEC6ED1F4F99E30059F87E /* Smart Drinks & NutritionUITests.xctest */,
			);
			name = Products;
			sourceTree = "<group>";
		};
		65AEC6CE1F4F99E20059F87E /* Smart Drinks & Nutrition */ = {
			isa = PBXGroup;
			children = (
				65AEC6CF1F4F99E20059F87E /* AppDelegate.swift */,
				65AEC6D11F4F99E20059F87E /* FirstViewController.swift */,
				65AEC6D31F4F99E20059F87E /* SecondViewController.swift */,
				6586B4DA1F626A5B00CA1AD7 /* NutritionTableViewController.swift */,
				65DC58C51F8EE1440062E432 /* RequestTruckTableViewController.swift */,
				65AEC6D51F4F99E20059F87E /* Main.storyboard */,
				65A3ECDC1F8BD6E600334BCB /* CouponsTableViewController.swift */,
				65A3ECDE1F8BDA7100334BCB /* Coupons.plist */,
				653A39E61F78A43E00536C9F /* SDNDataConnector.swift */,
				650E29F71F7225A3008A6624 /* DrinksViewController.swift */,
				650E29F91F723744008A6624 /* DrinksTableViewCell.swift */,
				6586B4E31F65F81500CA1AD7 /* MapViewController.swift */,
				6586B4E11F65F5F500CA1AD7 /* LocationsTableViewController.swift */,
				6586B4DC1F626C0E00CA1AD7 /* NutritionTableViewCell.swift */,
				653772B51F5FABC400F2B855 /* DrinksDetailTableViewController.swift */,
				65344D291F5F759800772243 /* Drinks.plist */,
				65FFA9ED1F70B87800646462 /* smoothies.plist */,
				65FFA9EF1F70BDEF00646462 /* coffee.plist */,
				653772B31F5FA10200F2B855 /* Drinks.json */,
				65AEC6D81F4F99E30059F87E /* Assets.xcassets */,
				65AEC6DA1F4F99E30059F87E /* LaunchScreen.storyboard */,
				65AEC6DD1F4F99E30059F87E /* Info.plist */,
			);
			path = "Smart Drinks & Nutrition";
			sourceTree = "<group>";
		};
		65AEC6E51F4F99E30059F87E /* Smart Drinks & NutritionTests */ = {
			isa = PBXGroup;
			children = (
				65AEC6E61F4F99E30059F87E /* Smart_Drinks___NutritionTests.swift */,
				65AEC6E81F4F99E30059F87E /* Info.plist */,
			);
			path = "Smart Drinks & NutritionTests";
			sourceTree = "<group>";
		};
		65AEC6F01F4F99E30059F87E /* Smart Drinks & NutritionUITests */ = {
			isa = PBXGroup;
			children = (
				65AEC6F11F4F99E30059F87E /* Smart_Drinks___NutritionUITests.swift */,
				65AEC6F31F4F99E30059F87E /* Info.plist */,
			);
			path = "Smart Drinks & NutritionUITests";
			sourceTree = "<group>";
		};
		8364A7DD7401CA8BFC7FA371 /* Pods */ = {
			isa = PBXGroup;
			children = (
				33C89710F7BBB345E32EF7BD /* Pods-Smart Drinks & Nutrition.debug.xcconfig */,
				FA4C4D541F423D0FFC08D8A5 /* Pods-Smart Drinks & Nutrition.release.xcconfig */,
			);
			name = Pods;
			sourceTree = "<group>";
		};
/* End PBXGroup section */

/* Begin PBXNativeTarget section */
		65AEC6CB1F4F99E20059F87E /* Smart Drinks & Nutrition */ = {
			isa = PBXNativeTarget;
			buildConfigurationList = 65AEC6F61F4F99E30059F87E /* Build configuration list for PBXNativeTarget "Smart Drinks & Nutrition" */;
			buildPhases = (
				FB0FAA367EA9F8E850E65BBA /* [CP] Check Pods Manifest.lock */,
				65AEC6C81F4F99E20059F87E /* Sources */,
				65AEC6C91F4F99E20059F87E /* Frameworks */,
				65AEC6CA1F4F99E20059F87E /* Resources */,
				4369380CD52D7921B2621141 /* [CP] Embed Pods Frameworks */,
				643AEBCB1ADC0D2124789F8C /* [CP] Copy Pods Resources */,
			);
			buildRules = (
			);
			dependencies = (
			);
			name = "Smart Drinks & Nutrition";
			productName = "Smart Drinks & Nutrition";
			productReference = 65AEC6CC1F4F99E20059F87E /* Smart Drinks & Nutrition.app */;
			productType = "com.apple.product-type.application";
		};
		65AEC6E11F4F99E30059F87E /* Smart Drinks & NutritionTests */ = {
			isa = PBXNativeTarget;
			buildConfigurationList = 65AEC6F91F4F99E30059F87E /* Build configuration list for PBXNativeTarget "Smart Drinks & NutritionTests" */;
			buildPhases = (
				65AEC6DE1F4F99E30059F87E /* Sources */,
				65AEC6DF1F4F99E30059F87E /* Frameworks */,
				65AEC6E01F4F99E30059F87E /* Resources */,
			);
			buildRules = (
			);
			dependencies = (
				65AEC6E41F4F99E30059F87E /* PBXTargetDependency */,
			);
			name = "Smart Drinks & NutritionTests";
			productName = "Smart Drinks & NutritionTests";
			productReference = 65AEC6E21F4F99E30059F87E /* Smart Drinks & NutritionTests.xctest */;
			productType = "com.apple.product-type.bundle.unit-test";
		};
		65AEC6EC1F4F99E30059F87E /* Smart Drinks & NutritionUITests */ = {
			isa = PBXNativeTarget;
			buildConfigurationList = 65AEC6FC1F4F99E30059F87E /* Build configuration list for PBXNativeTarget "Smart Drinks & NutritionUITests" */;
			buildPhases = (
				65AEC6E91F4F99E30059F87E /* Sources */,
				65AEC6EA1F4F99E30059F87E /* Frameworks */,
				65AEC6EB1F4F99E30059F87E /* Resources */,
			);
			buildRules = (
			);
			dependencies = (
				65AEC6EF1F4F99E30059F87E /* PBXTargetDependency */,
			);
			name = "Smart Drinks & NutritionUITests";
			productName = "Smart Drinks & NutritionUITests";
			productReference = 65AEC6ED1F4F99E30059F87E /* Smart Drinks & NutritionUITests.xctest */;
			productType = "com.apple.product-type.bundle.ui-testing";
		};
/* End PBXNativeTarget section */

/* Begin PBXProject section */
		65AEC6C41F4F99E20059F87E /* Project object */ = {
			isa = PBXProject;
			attributes = {
				LastSwiftUpdateCheck = 0830;
				LastUpgradeCheck = 0900;
				ORGANIZATIONNAME = "TechSoft,Inc";
				TargetAttributes = {
					65AEC6CB1F4F99E20059F87E = {
						CreatedOnToolsVersion = 8.3.3;
						DevelopmentTeam = 74HJYZD4EF;
						LastSwiftMigration = 0900;
						ProvisioningStyle = Automatic;
					};
					65AEC6E11F4F99E30059F87E = {
						CreatedOnToolsVersion = 8.3.3;
						DevelopmentTeam = 74HJYZD4EF;
						LastSwiftMigration = 0900;
						ProvisioningStyle = Automatic;
						TestTargetID = 65AEC6CB1F4F99E20059F87E;
					};
					65AEC6EC1F4F99E30059F87E = {
						CreatedOnToolsVersion = 8.3.3;
						DevelopmentTeam = 74HJYZD4EF;
						LastSwiftMigration = 0900;
						ProvisioningStyle = Automatic;
						TestTargetID = 65AEC6CB1F4F99E20059F87E;
					};
				};
			};
			buildConfigurationList = 65AEC6C71F4F99E20059F87E /* Build configuration list for PBXProject "Smart Drinks & Nutrition" */;
			compatibilityVersion = "Xcode 3.2";
			developmentRegion = English;
			hasScannedForEncodings = 0;
			knownRegions = (
				en,
				Base,
			);
			mainGroup = 65AEC6C31F4F99E20059F87E;
			productRefGroup = 65AEC6CD1F4F99E20059F87E /* Products */;
			projectDirPath = "";
			projectRoot = "";
			targets = (
				65AEC6CB1F4F99E20059F87E /* Smart Drinks & Nutrition */,
				65AEC6E11F4F99E30059F87E /* Smart Drinks & NutritionTests */,
				65AEC6EC1F4F99E30059F87E /* Smart Drinks & NutritionUITests */,
			);
		};
/* End PBXProject section */

/* Begin PBXResourcesBuildPhase section */
		65AEC6CA1F4F99E20059F87E /* Resources */ = {
			isa = PBXResourcesBuildPhase;
			buildActionMask = 2147483647;
			files = (
				65AEC6DC1F4F99E30059F87E /* LaunchScreen.storyboard in Resources */,
				65FFA9F01F70BDEF00646462 /* coffee.plist in Resources */,
				65FFA9EE1F70B87800646462 /* smoothies.plist in Resources */,
				653772B41F5FA10200F2B855 /* Drinks.json in Resources */,
				65344D2A1F5F759800772243 /* Drinks.plist in Resources */,
				65AEC6D91F4F99E30059F87E /* Assets.xcassets in Resources */,
				65A3ECDF1F8BDA7100334BCB /* Coupons.plist in Resources */,
				65AEC6D71F4F99E20059F87E /* Main.storyboard in Resources */,
			);
			runOnlyForDeploymentPostprocessing = 0;
		};
		65AEC6E01F4F99E30059F87E /* Resources */ = {
			isa = PBXResourcesBuildPhase;
			buildActionMask = 2147483647;
			files = (
			);
			runOnlyForDeploymentPostprocessing = 0;
		};
		65AEC6EB1F4F99E30059F87E /* Resources */ = {
			isa = PBXResourcesBuildPhase;
			buildActionMask = 2147483647;
			files = (
			);
			runOnlyForDeploymentPostprocessing = 0;
		};
/* End PBXResourcesBuildPhase section */

/* Begin PBXShellScriptBuildPhase section */
		4369380CD52D7921B2621141 /* [CP] Embed Pods Frameworks */ = {
			isa = PBXShellScriptBuildPhase;
			buildActionMask = 2147483647;
			files = (
			);
			inputPaths = (
			);
			name = "[CP] Embed Pods Frameworks";
			outputPaths = (
			);
			runOnlyForDeploymentPostprocessing = 0;
			shellPath = /bin/sh;
			shellScript = "\"${SRCROOT}/Pods/Target Support Files/Pods-Smart Drinks & Nutrition/Pods-Smart Drinks & Nutrition-frameworks.sh\"\n";
			showEnvVarsInLog = 0;
		};
		643AEBCB1ADC0D2124789F8C /* [CP] Copy Pods Resources */ = {
			isa = PBXShellScriptBuildPhase;
			buildActionMask = 2147483647;
			files = (
			);
			inputPaths = (
				"${SRCROOT}/Pods/Target Support Files/Pods-Smart Drinks & Nutrition/Pods-Smart Drinks & Nutrition-resources.sh",
				"${PODS_ROOT}/GoogleMaps/Maps/Frameworks/GoogleMaps.framework/Resources/GoogleMaps.bundle",
				"${PODS_ROOT}/GooglePlacePicker/Frameworks/GooglePlacePicker.framework/Resources/GooglePlacePicker.bundle",
				"${PODS_ROOT}/GooglePlaces/Frameworks/GooglePlaces.framework/Resources/GooglePlaces.bundle",
			);
			name = "[CP] Copy Pods Resources";
			outputPaths = (
				"${TARGET_BUILD_DIR}/${UNLOCALIZED_RESOURCES_FOLDER_PATH}",
			);
			runOnlyForDeploymentPostprocessing = 0;
			shellPath = /bin/sh;
			shellScript = "\"${SRCROOT}/Pods/Target Support Files/Pods-Smart Drinks & Nutrition/Pods-Smart Drinks & Nutrition-resources.sh\"\n";
			showEnvVarsInLog = 0;
		};
		FB0FAA367EA9F8E850E65BBA /* [CP] Check Pods Manifest.lock */ = {
			isa = PBXShellScriptBuildPhase;
			buildActionMask = 2147483647;
			files = (
			);
			inputPaths = (
				"${PODS_PODFILE_DIR_PATH}/Podfile.lock",
				"${PODS_ROOT}/Manifest.lock",
			);
			name = "[CP] Check Pods Manifest.lock";
			outputPaths = (
				"$(DERIVED_FILE_DIR)/Pods-Smart Drinks & Nutrition-checkManifestLockResult.txt",
			);
			runOnlyForDeploymentPostprocessing = 0;
			shellPath = /bin/sh;
			shellScript = "diff \"${PODS_PODFILE_DIR_PATH}/Podfile.lock\" \"${PODS_ROOT}/Manifest.lock\" > /dev/null\nif [ $? != 0 ] ; then\n    # print error to STDERR\n    echo \"error: The sandbox is not in sync with the Podfile.lock. Run 'pod install' or update your CocoaPods installation.\" >&2\n    exit 1\nfi\n# This output is used by Xcode 'outputs' to avoid re-running this script phase.\necho \"SUCCESS\" > \"${SCRIPT_OUTPUT_FILE_0}\"\n";
			showEnvVarsInLog = 0;
		};
/* End PBXShellScriptBuildPhase section */

/* Begin PBXSourcesBuildPhase section */
		65AEC6C81F4F99E20059F87E /* Sources */ = {
			isa = PBXSourcesBuildPhase;
			buildActionMask = 2147483647;
			files = (
				65AEC6D41F4F99E20059F87E /* SecondViewController.swift in Sources */,
				6586B4DB1F626A5B00CA1AD7 /* NutritionTableViewController.swift in Sources */,
				653772B61F5FABC400F2B855 /* DrinksDetailTableViewController.swift in Sources */,
				650E29F81F7225A3008A6624 /* DrinksViewController.swift in Sources */,
				65DC58C61F8EE1440062E432 /* RequestTruckTableViewController.swift in Sources */,
				653A39E71F78A43E00536C9F /* SDNDataConnector.swift in Sources */,
				65AEC6D01F4F99E20059F87E /* AppDelegate.swift in Sources */,
				65A3ECDD1F8BD6E600334BCB /* CouponsTableViewController.swift in Sources */,
				6586B4DD1F626C0E00CA1AD7 /* NutritionTableViewCell.swift in Sources */,
				650E29FA1F723744008A6624 /* DrinksTableViewCell.swift in Sources */,
				65AEC6D21F4F99E20059F87E /* FirstViewController.swift in Sources */,
				6586B4E21F65F5F600CA1AD7 /* LocationsTableViewController.swift in Sources */,
				6586B4E41F65F81500CA1AD7 /* MapViewController.swift in Sources */,
			);
			runOnlyForDeploymentPostprocessing = 0;
		};
		65AEC6DE1F4F99E30059F87E /* Sources */ = {
			isa = PBXSourcesBuildPhase;
			buildActionMask = 2147483647;
			files = (
				65AEC6E71F4F99E30059F87E /* Smart_Drinks___NutritionTests.swift in Sources */,
			);
			runOnlyForDeploymentPostprocessing = 0;
		};
		65AEC6E91F4F99E30059F87E /* Sources */ = {
			isa = PBXSourcesBuildPhase;
			buildActionMask = 2147483647;
			files = (
				65AEC6F21F4F99E30059F87E /* Smart_Drinks___NutritionUITests.swift in Sources */,
			);
			runOnlyForDeploymentPostprocessing = 0;
		};
/* End PBXSourcesBuildPhase section */

/* Begin PBXTargetDependency section */
		65AEC6E41F4F99E30059F87E /* PBXTargetDependency */ = {
			isa = PBXTargetDependency;
			target = 65AEC6CB1F4F99E20059F87E /* Smart Drinks & Nutrition */;
			targetProxy = 65AEC6E31F4F99E30059F87E /* PBXContainerItemProxy */;
		};
		65AEC6EF1F4F99E30059F87E /* PBXTargetDependency */ = {
			isa = PBXTargetDependency;
			target = 65AEC6CB1F4F99E20059F87E /* Smart Drinks & Nutrition */;
			targetProxy = 65AEC6EE1F4F99E30059F87E /* PBXContainerItemProxy */;
		};
/* End PBXTargetDependency section */

/* Begin PBXVariantGroup section */
		65AEC6D51F4F99E20059F87E /* Main.storyboard */ = {
			isa = PBXVariantGroup;
			children = (
				65AEC6D61F4F99E20059F87E /* Base */,
			);
			name = Main.storyboard;
			sourceTree = "<group>";
		};
		65AEC6DA1F4F99E30059F87E /* LaunchScreen.storyboard */ = {
			isa = PBXVariantGroup;
			children = (
				65AEC6DB1F4F99E30059F87E /* Base */,
			);
			name = LaunchScreen.storyboard;
			sourceTree = "<group>";
		};
/* End PBXVariantGroup section */

/* Begin XCBuildConfiguration section */
		65AEC6F41F4F99E30059F87E /* Debug */ = {
			isa = XCBuildConfiguration;
			buildSettings = {
				ALWAYS_SEARCH_USER_PATHS = NO;
				CLANG_ANALYZER_NONNULL = YES;
				CLANG_ANALYZER_NUMBER_OBJECT_CONVERSION = YES_AGGRESSIVE;
				CLANG_CXX_LANGUAGE_STANDARD = "gnu++0x";
				CLANG_CXX_LIBRARY = "libc++";
				CLANG_ENABLE_MODULES = YES;
				CLANG_ENABLE_OBJC_ARC = YES;
				CLANG_WARN_BLOCK_CAPTURE_AUTORELEASING = YES;
				CLANG_WARN_BOOL_CONVERSION = YES;
				CLANG_WARN_COMMA = YES;
				CLANG_WARN_CONSTANT_CONVERSION = YES;
				CLANG_WARN_DIRECT_OBJC_ISA_USAGE = YES_ERROR;
				CLANG_WARN_DOCUMENTATION_COMMENTS = YES;
				CLANG_WARN_EMPTY_BODY = YES;
				CLANG_WARN_ENUM_CONVERSION = YES;
				CLANG_WARN_INFINITE_RECURSION = YES;
				CLANG_WARN_INT_CONVERSION = YES;
				CLANG_WARN_NON_LITERAL_NULL_CONVERSION = YES;
				CLANG_WARN_OBJC_LITERAL_CONVERSION = YES;
				CLANG_WARN_OBJC_ROOT_CLASS = YES_ERROR;
				CLANG_WARN_RANGE_LOOP_ANALYSIS = YES;
				CLANG_WARN_STRICT_PROTOTYPES = YES;
				CLANG_WARN_SUSPICIOUS_MOVE = YES;
				CLANG_WARN_UNREACHABLE_CODE = YES;
				CLANG_WARN__DUPLICATE_METHOD_MATCH = YES;
				"CODE_SIGN_IDENTITY[sdk=iphoneos*]" = "iPhone Developer";
				COPY_PHASE_STRIP = NO;
				DEBUG_INFORMATION_FORMAT = dwarf;
				ENABLE_STRICT_OBJC_MSGSEND = YES;
				ENABLE_TESTABILITY = YES;
				GCC_C_LANGUAGE_STANDARD = gnu99;
				GCC_DYNAMIC_NO_PIC = NO;
				GCC_NO_COMMON_BLOCKS = YES;
				GCC_OPTIMIZATION_LEVEL = 0;
				GCC_PREPROCESSOR_DEFINITIONS = (
					"DEBUG=1",
					"$(inherited)",
				);
				GCC_WARN_64_TO_32_BIT_CONVERSION = YES;
				GCC_WARN_ABOUT_RETURN_TYPE = YES_ERROR;
				GCC_WARN_UNDECLARED_SELECTOR = YES;
				GCC_WARN_UNINITIALIZED_AUTOS = YES_AGGRESSIVE;
				GCC_WARN_UNUSED_FUNCTION = YES;
				GCC_WARN_UNUSED_VARIABLE = YES;
				IPHONEOS_DEPLOYMENT_TARGET = 10.3;
				MTL_ENABLE_DEBUG_INFO = YES;
				ONLY_ACTIVE_ARCH = YES;
				SDKROOT = iphoneos;
				SWIFT_ACTIVE_COMPILATION_CONDITIONS = DEBUG;
				SWIFT_OPTIMIZATION_LEVEL = "-Onone";
				TARGETED_DEVICE_FAMILY = "1,2";
			};
			name = Debug;
		};
		65AEC6F51F4F99E30059F87E /* Release */ = {
			isa = XCBuildConfiguration;
			buildSettings = {
				ALWAYS_SEARCH_USER_PATHS = NO;
				CLANG_ANALYZER_NONNULL = YES;
				CLANG_ANALYZER_NUMBER_OBJECT_CONVERSION = YES_AGGRESSIVE;
				CLANG_CXX_LANGUAGE_STANDARD = "gnu++0x";
				CLANG_CXX_LIBRARY = "libc++";
				CLANG_ENABLE_MODULES = YES;
				CLANG_ENABLE_OBJC_ARC = YES;
				CLANG_WARN_BLOCK_CAPTURE_AUTORELEASING = YES;
				CLANG_WARN_BOOL_CONVERSION = YES;
				CLANG_WARN_COMMA = YES;
				CLANG_WARN_CONSTANT_CONVERSION = YES;
				CLANG_WARN_DIRECT_OBJC_ISA_USAGE = YES_ERROR;
				CLANG_WARN_DOCUMENTATION_COMMENTS = YES;
				CLANG_WARN_EMPTY_BODY = YES;
				CLANG_WARN_ENUM_CONVERSION = YES;
				CLANG_WARN_INFINITE_RECURSION = YES;
				CLANG_WARN_INT_CONVERSION = YES;
				CLANG_WARN_NON_LITERAL_NULL_CONVERSION = YES;
				CLANG_WARN_OBJC_LITERAL_CONVERSION = YES;
				CLANG_WARN_OBJC_ROOT_CLASS = YES_ERROR;
				CLANG_WARN_RANGE_LOOP_ANALYSIS = YES;
				CLANG_WARN_STRICT_PROTOTYPES = YES;
				CLANG_WARN_SUSPICIOUS_MOVE = YES;
				CLANG_WARN_UNREACHABLE_CODE = YES;
				CLANG_WARN__DUPLICATE_METHOD_MATCH = YES;
				"CODE_SIGN_IDENTITY[sdk=iphoneos*]" = "iPhone Developer";
				COPY_PHASE_STRIP = NO;
				DEBUG_INFORMATION_FORMAT = "dwarf-with-dsym";
				ENABLE_NS_ASSERTIONS = NO;
				ENABLE_STRICT_OBJC_MSGSEND = YES;
				GCC_C_LANGUAGE_STANDARD = gnu99;
				GCC_NO_COMMON_BLOCKS = YES;
				GCC_WARN_64_TO_32_BIT_CONVERSION = YES;
				GCC_WARN_ABOUT_RETURN_TYPE = YES_ERROR;
				GCC_WARN_UNDECLARED_SELECTOR = YES;
				GCC_WARN_UNINITIALIZED_AUTOS = YES_AGGRESSIVE;
				GCC_WARN_UNUSED_FUNCTION = YES;
				GCC_WARN_UNUSED_VARIABLE = YES;
				IPHONEOS_DEPLOYMENT_TARGET = 10.3;
				MTL_ENABLE_DEBUG_INFO = NO;
				SDKROOT = iphoneos;
				SWIFT_OPTIMIZATION_LEVEL = "-Owholemodule";
				TARGETED_DEVICE_FAMILY = "1,2";
				VALIDATE_PRODUCT = YES;
			};
			name = Release;
		};
		65AEC6F71F4F99E30059F87E /* Debug */ = {
			isa = XCBuildConfiguration;
			baseConfigurationReference = 33C89710F7BBB345E32EF7BD /* Pods-Smart Drinks & Nutrition.debug.xcconfig */;
			buildSettings = {
				ASSETCATALOG_COMPILER_APPICON_NAME = AppIcon;
				DEVELOPMENT_TEAM = 74HJYZD4EF;
				INFOPLIST_FILE = "Smart Drinks & Nutrition/Info.plist";
				IPHONEOS_DEPLOYMENT_TARGET = 8.0;
				LD_RUNPATH_SEARCH_PATHS = "$(inherited) @executable_path/Frameworks";
				PRODUCT_BUNDLE_IDENTIFIER = net.techsoftinc.smartdrinks;
				PRODUCT_NAME = "$(TARGET_NAME)";
				SWIFT_VERSION = 4.0;
				TARGETED_DEVICE_FAMILY = 1;
			};
			name = Debug;
		};
		65AEC6F81F4F99E30059F87E /* Release */ = {
			isa = XCBuildConfiguration;
			baseConfigurationReference = FA4C4D541F423D0FFC08D8A5 /* Pods-Smart Drinks & Nutrition.release.xcconfig */;
			buildSettings = {
				ASSETCATALOG_COMPILER_APPICON_NAME = AppIcon;
				DEVELOPMENT_TEAM = 74HJYZD4EF;
				INFOPLIST_FILE = "Smart Drinks & Nutrition/Info.plist";
				IPHONEOS_DEPLOYMENT_TARGET = 8.0;
				LD_RUNPATH_SEARCH_PATHS = "$(inherited) @executable_path/Frameworks";
				PRODUCT_BUNDLE_IDENTIFIER = net.techsoftinc.smartdrinks;
				PRODUCT_NAME = "$(TARGET_NAME)";
				SWIFT_VERSION = 4.0;
				TARGETED_DEVICE_FAMILY = 1;
			};
			name = Release;
		};
		65AEC6FA1F4F99E30059F87E /* Debug */ = {
			isa = XCBuildConfiguration;
			buildSettings = {
				ALWAYS_EMBED_SWIFT_STANDARD_LIBRARIES = YES;
				BUNDLE_LOADER = "$(TEST_HOST)";
				DEVELOPMENT_TEAM = 74HJYZD4EF;
				INFOPLIST_FILE = "Smart Drinks & NutritionTests/Info.plist";
				LD_RUNPATH_SEARCH_PATHS = "$(inherited) @executable_path/Frameworks @loader_path/Frameworks";
				PRODUCT_BUNDLE_IDENTIFIER = "net.techsoftinc.Smart-Drinks---NutritionTests";
				PRODUCT_NAME = "$(TARGET_NAME)";
				SWIFT_VERSION = 4.0;
				TEST_HOST = "$(BUILT_PRODUCTS_DIR)/Smart Drinks & Nutrition.app/Smart Drinks & Nutrition";
			};
			name = Debug;
		};
		65AEC6FB1F4F99E30059F87E /* Release */ = {
			isa = XCBuildConfiguration;
			buildSettings = {
				ALWAYS_EMBED_SWIFT_STANDARD_LIBRARIES = YES;
				BUNDLE_LOADER = "$(TEST_HOST)";
				DEVELOPMENT_TEAM = 74HJYZD4EF;
				INFOPLIST_FILE = "Smart Drinks & NutritionTests/Info.plist";
				LD_RUNPATH_SEARCH_PATHS = "$(inherited) @executable_path/Frameworks @loader_path/Frameworks";
				PRODUCT_BUNDLE_IDENTIFIER = "net.techsoftinc.Smart-Drinks---NutritionTests";
				PRODUCT_NAME = "$(TARGET_NAME)";
				SWIFT_VERSION = 4.0;
				TEST_HOST = "$(BUILT_PRODUCTS_DIR)/Smart Drinks & Nutrition.app/Smart Drinks & Nutrition";
			};
			name = Release;
		};
		65AEC6FD1F4F99E30059F87E /* Debug */ = {
			isa = XCBuildConfiguration;
			buildSettings = {
				ALWAYS_EMBED_SWIFT_STANDARD_LIBRARIES = YES;
				DEVELOPMENT_TEAM = 74HJYZD4EF;
				INFOPLIST_FILE = "Smart Drinks & NutritionUITests/Info.plist";
				LD_RUNPATH_SEARCH_PATHS = "$(inherited) @executable_path/Frameworks @loader_path/Frameworks";
				PRODUCT_BUNDLE_IDENTIFIER = "net.techsoftinc.Smart-Drinks---NutritionUITests";
				PRODUCT_NAME = "$(TARGET_NAME)";
				SWIFT_VERSION = 4.0;
				TEST_TARGET_NAME = "Smart Drinks & Nutrition";
			};
			name = Debug;
		};
		65AEC6FE1F4F99E30059F87E /* Release */ = {
			isa = XCBuildConfiguration;
			buildSettings = {
				ALWAYS_EMBED_SWIFT_STANDARD_LIBRARIES = YES;
				DEVELOPMENT_TEAM = 74HJYZD4EF;
				INFOPLIST_FILE = "Smart Drinks & NutritionUITests/Info.plist";
				LD_RUNPATH_SEARCH_PATHS = "$(inherited) @executable_path/Frameworks @loader_path/Frameworks";
				PRODUCT_BUNDLE_IDENTIFIER = "net.techsoftinc.Smart-Drinks---NutritionUITests";
				PRODUCT_NAME = "$(TARGET_NAME)";
				SWIFT_VERSION = 4.0;
				TEST_TARGET_NAME = "Smart Drinks & Nutrition";
			};
			name = Release;
		};
/* End XCBuildConfiguration section */

/* Begin XCConfigurationList section */
		65AEC6C71F4F99E20059F87E /* Build configuration list for PBXProject "Smart Drinks & Nutrition" */ = {
			isa = XCConfigurationList;
			buildConfigurations = (
				65AEC6F41F4F99E30059F87E /* Debug */,
				65AEC6F51F4F99E30059F87E /* Release */,
			);
			defaultConfigurationIsVisible = 0;
			defaultConfigurationName = Release;
		};
		65AEC6F61F4F99E30059F87E /* Build configuration list for PBXNativeTarget "Smart Drinks & Nutrition" */ = {
			isa = XCConfigurationList;
			buildConfigurations = (
				65AEC6F71F4F99E30059F87E /* Debug */,
				65AEC6F81F4F99E30059F87E /* Release */,
			);
			defaultConfigurationIsVisible = 0;
			defaultConfigurationName = Release;
		};
		65AEC6F91F4F99E30059F87E /* Build configuration list for PBXNativeTarget "Smart Drinks & NutritionTests" */ = {
			isa = XCConfigurationList;
			buildConfigurations = (
				65AEC6FA1F4F99E30059F87E /* Debug */,
				65AEC6FB1F4F99E30059F87E /* Release */,
			);
			defaultConfigurationIsVisible = 0;
			defaultConfigurationName = Release;
		};
		65AEC6FC1F4F99E30059F87E /* Build configuration list for PBXNativeTarget "Smart Drinks & NutritionUITests" */ = {
			isa = XCConfigurationList;
			buildConfigurations = (
				65AEC6FD1F4F99E30059F87E /* Debug */,
				65AEC6FE1F4F99E30059F87E /* Release */,
			);
			defaultConfigurationIsVisible = 0;
			defaultConfigurationName = Release;
		};
/* End XCConfigurationList section */
	};
	rootObject = 65AEC6C41F4F99E20059F87E /* Project object */;
}
